- alias: HASwitchPlate_Clock
  trigger:
    platform: time
    # Matches every minute
    seconds: 00
  action:
  - service: mqtt.publish
    data:
      topic: 'homeassistant/haswitchplate/HASwitchPlate/command/p[2].b[4].txt'
      payload_template: "\"{{now().strftime('%H:%M')}}\""
      retain: true
  - service: mqtt.publish
    data:
      topic: 'homeassistant/haswitchplate/HASwitchPlate/command/p[2].b[5].txt'
      payload_template: "\"{{now().strftime('%A')}}\\r{{now().strftime('%B %-d')}}\""
      retain: true
      
- alias: HASwitchPlate_Clock_Init
  trigger:
  - platform: mqtt
    topic: 'homeassistant/binary_sensor/HASwitchPlate/state'
    payload: 'ON'
  - platform: homeassistant
    event: start
  action:
  - service: mqtt.publish
    data:
      topic: 'homeassistant/haswitchplate/HASwitchPlate/command/p[2].b[4].font'
      payload: '3'
  - service: mqtt.publish
    data:
      topic: 'homeassistant/haswitchplate/HASwitchPlate/command/p[2].b[5].font'
      payload: '1'