- alias: HASwitchPlate_Clock
  trigger:
    platform: time
    # Matches every minute
    seconds: 00
  action:
  - service: mqtt.publish
    data:
      topic: 'homeassistant/haswitchplate/HASwitchPlate/command/p[2].b[4].txt'
      payload_template: "\"{{now().strftime('%H:%M')}}\""
      retain: true
  - service: mqtt.publish
    data:
      topic: 'homeassistant/haswitchplate/HASwitchPlate/command/p[2].b[5].txt'
      payload_template: "\"{{now().strftime('%A')}}\\r{{now().strftime('%B %-d')}}\""
      retain: true